
Microsoft Visual Studio Solution File, Format Version 12.00
# Visual Studio 15
VisualStudioVersion = 15.0.27004.2005
MinimumVisualStudioVersion = 10.0.40219.1
Project("{FAE04EC0-301F-11D3-BF4B-00C04F79EFBC}") = "GreatestCommonDivisor", "NET.W.2017.Bilevich.03.04\GreatestCommonDivisor.csproj", "{4421378F-DBDD-4A95-B088-8B91592CBD6A}"
EndProject
Project("{FAE04EC0-301F-11D3-BF4B-00C04F79EFBC}") = "MSUnitTestGCD", "UnitTestGCD\MSUnitTestGCD.csproj", "{C2346F30-C52A-48B0-9086-A70B91E8B984}"
EndProject
Project("{FAE04EC0-301F-11D3-BF4B-00C04F79EFBC}") = "DoubleExtensions", "DoubleExtensions\DoubleExtensions.csproj", "{2DB119B4-7479-4CBF-BA1A-08ADDD3533E7}"
EndProject
Project("{FAE04EC0-301F-11D3-BF4B-00C04F79EFBC}") = "MSUnitTestDoubleExtensions", "MSUnitTestDoubleExtensions\MSUnitTestDoubleExtensions.csproj", "{0AC5DC4D-8526-496F-A9CA-9AF6CBB1C0B5}"
EndProject
Global
	GlobalSection(SolutionConfigurationPlatforms) = preSolution
		Debug|Any CPU = Debug|Any CPU
		Release|Any CPU = Release|Any CPU
	EndGlobalSection
	GlobalSection(ProjectConfigurationPlatforms) = postSolution
		{4421378F-DBDD-4A95-B088-8B91592CBD6A}.Debug|Any CPU.ActiveCfg = Debug|Any CPU
		{4421378F-DBDD-4A95-B088-8B91592CBD6A}.Debug|Any CPU.Build.0 = Debug|Any CPU
		{4421378F-DBDD-4A95-B088-8B91592CBD6A}.Release|Any CPU.ActiveCfg = Release|Any CPU
		{4421378F-DBDD-4A95-B088-8B91592CBD6A}.Release|Any CPU.Build.0 = Release|Any CPU
		{C2346F30-C52A-48B0-9086-A70B91E8B984}.Debug|Any CPU.ActiveCfg = Debug|Any CPU
		{C2346F30-C52A-48B0-9086-A70B91E8B984}.Debug|Any CPU.Build.0 = Debug|Any CPU
		{C2346F30-C52A-48B0-9086-A70B91E8B984}.Release|Any CPU.ActiveCfg = Release|Any CPU
		{C2346F30-C52A-48B0-9086-A70B91E8B984}.Release|Any CPU.Build.0 = Release|Any CPU
		{2DB119B4-7479-4CBF-BA1A-08ADDD3533E7}.Debug|Any CPU.ActiveCfg = Debug|Any CPU
		{2DB119B4-7479-4CBF-BA1A-08ADDD3533E7}.Debug|Any CPU.Build.0 = Debug|Any CPU
		{2DB119B4-7479-4CBF-BA1A-08ADDD3533E7}.Release|Any CPU.ActiveCfg = Release|Any CPU
		{2DB119B4-7479-4CBF-BA1A-08ADDD3533E7}.Release|Any CPU.Build.0 = Release|Any CPU
		{0AC5DC4D-8526-496F-A9CA-9AF6CBB1C0B5}.Debug|Any CPU.ActiveCfg = Debug|Any CPU
		{0AC5DC4D-8526-496F-A9CA-9AF6CBB1C0B5}.Debug|Any CPU.Build.0 = Debug|Any CPU
		{0AC5DC4D-8526-496F-A9CA-9AF6CBB1C0B5}.Release|Any CPU.ActiveCfg = Release|Any CPU
		{0AC5DC4D-8526-496F-A9CA-9AF6CBB1C0B5}.Release|Any CPU.Build.0 = Release|Any CPU
	EndGlobalSection
	GlobalSection(SolutionProperties) = preSolution
		HideSolutionNode = FALSE
	EndGlobalSection
	GlobalSection(ExtensibilityGlobals) = postSolution
		SolutionGuid = {9870FFDD-4121-4AE3-B3B8-CE0C6CBF7CD9}
	EndGlobalSection
EndGlobal
