
Microsoft Visual Studio Solution File, Format Version 12.00
# Visual Studio 15
VisualStudioVersion = 15.0.27004.2005
MinimumVisualStudioVersion = 10.0.40219.1
Project("{FAE04EC0-301F-11D3-BF4B-00C04F79EFBC}") = "SortArray", "NET.W.2017Bilevich.01\SortArray.csproj", "{58A4A35E-5F7E-4978-9C7B-C7C55A2F68CF}"
EndProject
Global
	GlobalSection(SolutionConfigurationPlatforms) = preSolution
		Debug|Any CPU = Debug|Any CPU
		Release|Any CPU = Release|Any CPU
	EndGlobalSection
	GlobalSection(ProjectConfigurationPlatforms) = postSolution
		{58A4A35E-5F7E-4978-9C7B-C7C55A2F68CF}.Debug|Any CPU.ActiveCfg = Debug|Any CPU
		{58A4A35E-5F7E-4978-9C7B-C7C55A2F68CF}.Debug|Any CPU.Build.0 = Debug|Any CPU
		{58A4A35E-5F7E-4978-9C7B-C7C55A2F68CF}.Release|Any CPU.ActiveCfg = Release|Any CPU
		{58A4A35E-5F7E-4978-9C7B-C7C55A2F68CF}.Release|Any CPU.Build.0 = Release|Any CPU
	EndGlobalSection
	GlobalSection(SolutionProperties) = preSolution
		HideSolutionNode = FALSE
	EndGlobalSection
	GlobalSection(ExtensibilityGlobals) = postSolution
		SolutionGuid = {5D10CE9F-4FC3-457F-944B-87199FDF53A5}
	EndGlobalSection
EndGlobal
